// !$*UTF8*$!
{
	archiveVersion = 1;
	classes = {
	};
	objectVersion = 56;
	objects = {

/* Begin PBXBuildFile section */
		453337F12BB366E000739815 /* RedditClientApp.swift in Sources */ = {isa = PBXBuildFile; fileRef = 453337F02BB366E000739815 /* RedditClientApp.swift */; };
		453337F32BB366E000739815 /* ContentView.swift in Sources */ = {isa = PBXBuildFile; fileRef = 453337F22BB366E000739815 /* ContentView.swift */; };
		453337F52BB366E100739815 /* Assets.xcassets in Resources */ = {isa = PBXBuildFile; fileRef = 453337F42BB366E100739815 /* Assets.xcassets */; };
		453337F92BB366E100739815 /* Preview Assets.xcassets in Resources */ = {isa = PBXBuildFile; fileRef = 453337F82BB366E100739815 /* Preview Assets.xcassets */; };
		4533380D2BB366E200739815 /* RedditClientUITests.swift in Sources */ = {isa = PBXBuildFile; fileRef = 4533380C2BB366E200739815 /* RedditClientUITests.swift */; };
		4533380F2BB366E200739815 /* RedditClientUITestsLaunchTests.swift in Sources */ = {isa = PBXBuildFile; fileRef = 4533380E2BB366E200739815 /* RedditClientUITestsLaunchTests.swift */; };
		4533381C2BB3678D00739815 /* HttpClient.swift in Sources */ = {isa = PBXBuildFile; fileRef = 4533381B2BB3678D00739815 /* HttpClient.swift */; };
		4533381E2BB36DC300739815 /* RedditPostsRepository.swift in Sources */ = {isa = PBXBuildFile; fileRef = 4533381D2BB36DC300739815 /* RedditPostsRepository.swift */; };
		453338212BB4B54300739815 /* Core.swift in Sources */ = {isa = PBXBuildFile; fileRef = 453338202BB4B54300739815 /* Core.swift */; };
		453338232BB52B9100739815 /* CancelBag.swift in Sources */ = {isa = PBXBuildFile; fileRef = 453338222BB52B9100739815 /* CancelBag.swift */; };
		453338252BB5313100739815 /* RedditPageViewModel.swift in Sources */ = {isa = PBXBuildFile; fileRef = 453338242BB5313100739815 /* RedditPageViewModel.swift */; };
		453338272BB5A20C00739815 /* PostsViewModelTests.swift in Sources */ = {isa = PBXBuildFile; fileRef = 453338262BB5A20C00739815 /* PostsViewModelTests.swift */; };
		453338332BBF0CA700739815 /* MockRecorder.swift in Sources */ = {isa = PBXBuildFile; fileRef = 453338322BBF0CA700739815 /* MockRecorder.swift */; };
		453338372BC0708D00739815 /* sampleLink.json in Resources */ = {isa = PBXBuildFile; fileRef = 453338362BC0708D00739815 /* sampleLink.json */; };
		4533383D2BC073D000739815 /* JSONDecoder.swift in Sources */ = {isa = PBXBuildFile; fileRef = 4533383C2BC073D000739815 /* JSONDecoder.swift */; };
		453338462BC0AB5900739815 /* Stub.swift in Sources */ = {isa = PBXBuildFile; fileRef = 453338452BC0AB5900739815 /* Stub.swift */; };
		453338482BC0AB8A00739815 /* Verify.swift in Sources */ = {isa = PBXBuildFile; fileRef = 453338472BC0AB8A00739815 /* Verify.swift */; };
		4533384A2BC0ABD900739815 /* Introspection.swift in Sources */ = {isa = PBXBuildFile; fileRef = 453338492BC0ABD900739815 /* Introspection.swift */; };
		4533384C2BC0AD7600739815 /* Mock.swift in Sources */ = {isa = PBXBuildFile; fileRef = 4533384B2BC0AD7600739815 /* Mock.swift */; };
		4533384E2BC0ADE600739815 /* Entry.swift in Sources */ = {isa = PBXBuildFile; fileRef = 4533384D2BC0ADE600739815 /* Entry.swift */; };
		453338512BC0AEF800739815 /* MockPostsRepository.swift in Sources */ = {isa = PBXBuildFile; fileRef = 453338502BC0AEF800739815 /* MockPostsRepository.swift */; };
		453338532BC4984B00739815 /* README.md in Resources */ = {isa = PBXBuildFile; fileRef = 453338522BC4984B00739815 /* README.md */; };
		453338552BC4A14300739815 /* RedditPageView.swift in Sources */ = {isa = PBXBuildFile; fileRef = 453338542BC4A14300739815 /* RedditPageView.swift */; };
		453338572BC6477400739815 /* TimestampFormatter.swift in Sources */ = {isa = PBXBuildFile; fileRef = 453338562BC6477400739815 /* TimestampFormatter.swift */; };
		453338592BC6DD7300739815 /* TimestampFormatterTests.swift in Sources */ = {isa = PBXBuildFile; fileRef = 453338582BC6DD7300739815 /* TimestampFormatterTests.swift */; };
		454226B32BF643C20047A946 /* MockNetworkFetcher.swift in Sources */ = {isa = PBXBuildFile; fileRef = 454226B22BF643C20047A946 /* MockNetworkFetcher.swift */; };
		455C5D812BE3123E008DEA5D /* Matcher.swift in Sources */ = {isa = PBXBuildFile; fileRef = 455C5D802BE3123E008DEA5D /* Matcher.swift */; };
		455C5D832BE34C00008DEA5D /* IdentifiableProp.swift in Sources */ = {isa = PBXBuildFile; fileRef = 455C5D822BE34C00008DEA5D /* IdentifiableProp.swift */; };
		455C5D852BE35004008DEA5D /* Publisher+Extensions.swift in Sources */ = {isa = PBXBuildFile; fileRef = 455C5D842BE35004008DEA5D /* Publisher+Extensions.swift */; };
		455C5D872BE3E3A8008DEA5D /* CachedAsyncImageView.swift in Sources */ = {isa = PBXBuildFile; fileRef = 455C5D862BE3E3A8008DEA5D /* CachedAsyncImageView.swift */; };
		455C5D892BE3E4E1008DEA5D /* Core+Extensions.swift in Sources */ = {isa = PBXBuildFile; fileRef = 455C5D882BE3E4E1008DEA5D /* Core+Extensions.swift */; };
		459BBECA2BFE2B710004F746 /* SlidingMenuView.swift in Sources */ = {isa = PBXBuildFile; fileRef = 459BBEC92BFE2B710004F746 /* SlidingMenuView.swift */; };
		459BBECD2C04CE790004F746 /* rpics.json in Resources */ = {isa = PBXBuildFile; fileRef = 459BBECC2C04CE790004F746 /* rpics.json */; };
		459BBECF2C05461E0004F746 /* PreviewAboutiOSSub.json in Resources */ = {isa = PBXBuildFile; fileRef = 459BBECE2C05461E0004F746 /* PreviewAboutiOSSub.json */; };
		459BBED12C06834D0004F746 /* SubredditRepository.swift in Sources */ = {isa = PBXBuildFile; fileRef = 459BBED02C06834C0004F746 /* SubredditRepository.swift */; };
		459BBED32C06DD650004F746 /* PostViewModel.swift in Sources */ = {isa = PBXBuildFile; fileRef = 459BBED22C06DD650004F746 /* PostViewModel.swift */; };
		459BBED52C08E3250004F746 /* MockSubredditRepository.swift in Sources */ = {isa = PBXBuildFile; fileRef = 459BBED42C08E3250004F746 /* MockSubredditRepository.swift */; };
		459BBED72C0A7BE70004F746 /* PostCommentsRepository.swift in Sources */ = {isa = PBXBuildFile; fileRef = 459BBED62C0A7BE70004F746 /* PostCommentsRepository.swift */; };
		459BBED92C0A971F0004F746 /* CommentViewModel.swift in Sources */ = {isa = PBXBuildFile; fileRef = 459BBED82C0A971F0004F746 /* CommentViewModel.swift */; };
		459BBEDB2C0A99980004F746 /* RedditorRepository.swift in Sources */ = {isa = PBXBuildFile; fileRef = 459BBEDA2C0A99980004F746 /* RedditorRepository.swift */; };
		459BBEDD2C0CC2000004F746 /* PostDetailsView.swift in Sources */ = {isa = PBXBuildFile; fileRef = 459BBEDC2C0CC2000004F746 /* PostDetailsView.swift */; };
		459BBEDF2C0E16190004F746 /* MockPostCommentsRepository.swift in Sources */ = {isa = PBXBuildFile; fileRef = 459BBEDE2C0E16190004F746 /* MockPostCommentsRepository.swift */; };
		459BBEE12C0F4A470004F746 /* MockRedditorRepository.swift in Sources */ = {isa = PBXBuildFile; fileRef = 459BBEE02C0F4A470004F746 /* MockRedditorRepository.swift */; };
		459BBEE32C0F538C0004F746 /* PreviewComments.json in Resources */ = {isa = PBXBuildFile; fileRef = 459BBEE22C0F538C0004F746 /* PreviewComments.json */; };
		45B498232BEA7F99007ADCB4 /* AppEnvironment.swift in Sources */ = {isa = PBXBuildFile; fileRef = 45B498222BEA7F99007ADCB4 /* AppEnvironment.swift */; };
		45B498252BEA81AD007ADCB4 /* Effects.swift in Sources */ = {isa = PBXBuildFile; fileRef = 45B498242BEA81AD007ADCB4 /* Effects.swift */; };
		45B498272BEAF35B007ADCB4 /* NavigationModel.swift in Sources */ = {isa = PBXBuildFile; fileRef = 45B498262BEAF35B007ADCB4 /* NavigationModel.swift */; };
		45B498292BEEFDAB007ADCB4 /* sampleListing2.json in Resources */ = {isa = PBXBuildFile; fileRef = 45B498282BEEFDAB007ADCB4 /* sampleListing2.json */; };
		45DA934D2BDA9BDA00DBB158 /* PreviewRedditPosts.json in Resources */ = {isa = PBXBuildFile; fileRef = 45DA934C2BDA9BDA00DBB158 /* PreviewRedditPosts.json */; };
		45DA934F2BDA9DAF00DBB158 /* FixturesLoader.swift in Sources */ = {isa = PBXBuildFile; fileRef = 453338382BC0714E00739815 /* FixturesLoader.swift */; };
		45DA93512BDA9ED200DBB158 /* PreviewData.swift in Sources */ = {isa = PBXBuildFile; fileRef = 45DA93502BDA9ED100DBB158 /* PreviewData.swift */; };
		45DA93562BDACE9D00DBB158 /* TestFixturesLoader.swift in Sources */ = {isa = PBXBuildFile; fileRef = 45DA93552BDACE9D00DBB158 /* TestFixturesLoader.swift */; };
		45DA93582BDB239100DBB158 /* ImageCache.swift in Sources */ = {isa = PBXBuildFile; fileRef = 45DA93572BDB239100DBB158 /* ImageCache.swift */; };
		45DA935C2BDC147200DBB158 /* Modifiers.swift in Sources */ = {isa = PBXBuildFile; fileRef = 45DA935B2BDC147200DBB158 /* Modifiers.swift */; };
		45DA935E2BDC43C100DBB158 /* RedditPostsRepositoryTests.swift in Sources */ = {isa = PBXBuildFile; fileRef = 45DA935D2BDC43C100DBB158 /* RedditPostsRepositoryTests.swift */; };
		45DA93612BDFE81500DBB158 /* sampleListing.json in Resources */ = {isa = PBXBuildFile; fileRef = 45DA93602BDFE81500DBB158 /* sampleListing.json */; };
/* End PBXBuildFile section */

/* Begin PBXContainerItemProxy section */
		453337FF2BB366E200739815 /* PBXContainerItemProxy */ = {
			isa = PBXContainerItemProxy;
			containerPortal = 453337E52BB366E000739815 /* Project object */;
			proxyType = 1;
			remoteGlobalIDString = 453337EC2BB366E000739815;
			remoteInfo = RedditClient;
		};
		453338092BB366E200739815 /* PBXContainerItemProxy */ = {
			isa = PBXContainerItemProxy;
			containerPortal = 453337E52BB366E000739815 /* Project object */;
			proxyType = 1;
			remoteGlobalIDString = 453337EC2BB366E000739815;
			remoteInfo = RedditClient;
		};
/* End PBXContainerItemProxy section */

/* Begin PBXFileReference section */
		453337ED2BB366E000739815 /* RedditClient.app */ = {isa = PBXFileReference; explicitFileType = wrapper.application; includeInIndex = 0; path = RedditClient.app; sourceTree = BUILT_PRODUCTS_DIR; };
		453337F02BB366E000739815 /* RedditClientApp.swift */ = {isa = PBXFileReference; lastKnownFileType = sourcecode.swift; path = RedditClientApp.swift; sourceTree = "<group>"; };
		453337F22BB366E000739815 /* ContentView.swift */ = {isa = PBXFileReference; lastKnownFileType = sourcecode.swift; path = ContentView.swift; sourceTree = "<group>"; };
		453337F42BB366E100739815 /* Assets.xcassets */ = {isa = PBXFileReference; lastKnownFileType = folder.assetcatalog; path = Assets.xcassets; sourceTree = "<group>"; };
		453337F62BB366E100739815 /* RedditClient.entitlements */ = {isa = PBXFileReference; lastKnownFileType = text.plist.entitlements; path = RedditClient.entitlements; sourceTree = "<group>"; };
		453337F82BB366E100739815 /* Preview Assets.xcassets */ = {isa = PBXFileReference; lastKnownFileType = folder.assetcatalog; path = "Preview Assets.xcassets"; sourceTree = "<group>"; };
		453337FE2BB366E200739815 /* RedditClientTests.xctest */ = {isa = PBXFileReference; explicitFileType = wrapper.cfbundle; includeInIndex = 0; path = RedditClientTests.xctest; sourceTree = BUILT_PRODUCTS_DIR; };
		453338082BB366E200739815 /* RedditClientUITests.xctest */ = {isa = PBXFileReference; explicitFileType = wrapper.cfbundle; includeInIndex = 0; path = RedditClientUITests.xctest; sourceTree = BUILT_PRODUCTS_DIR; };
		4533380C2BB366E200739815 /* RedditClientUITests.swift */ = {isa = PBXFileReference; lastKnownFileType = sourcecode.swift; path = RedditClientUITests.swift; sourceTree = "<group>"; };
		4533380E2BB366E200739815 /* RedditClientUITestsLaunchTests.swift */ = {isa = PBXFileReference; lastKnownFileType = sourcecode.swift; path = RedditClientUITestsLaunchTests.swift; sourceTree = "<group>"; };
		4533381B2BB3678D00739815 /* HttpClient.swift */ = {isa = PBXFileReference; lastKnownFileType = sourcecode.swift; path = HttpClient.swift; sourceTree = "<group>"; };
		4533381D2BB36DC300739815 /* RedditPostsRepository.swift */ = {isa = PBXFileReference; lastKnownFileType = sourcecode.swift; path = RedditPostsRepository.swift; sourceTree = "<group>"; };
		4533381F2BB38FA600739815 /* RedditNetworking.playground */ = {isa = PBXFileReference; lastKnownFileType = file.playground; path = RedditNetworking.playground; sourceTree = "<group>"; xcLanguageSpecificationIdentifier = xcode.lang.swift; };
		453338202BB4B54300739815 /* Core.swift */ = {isa = PBXFileReference; lastKnownFileType = sourcecode.swift; path = Core.swift; sourceTree = "<group>"; };
		453338222BB52B9100739815 /* CancelBag.swift */ = {isa = PBXFileReference; lastKnownFileType = sourcecode.swift; path = CancelBag.swift; sourceTree = "<group>"; };
		453338242BB5313100739815 /* RedditPageViewModel.swift */ = {isa = PBXFileReference; lastKnownFileType = sourcecode.swift; path = RedditPageViewModel.swift; sourceTree = "<group>"; };
		453338262BB5A20C00739815 /* PostsViewModelTests.swift */ = {isa = PBXFileReference; lastKnownFileType = sourcecode.swift; path = PostsViewModelTests.swift; sourceTree = "<group>"; };
		453338322BBF0CA700739815 /* MockRecorder.swift */ = {isa = PBXFileReference; lastKnownFileType = sourcecode.swift; path = MockRecorder.swift; sourceTree = "<group>"; };
		453338362BC0708D00739815 /* sampleLink.json */ = {isa = PBXFileReference; lastKnownFileType = text.json; path = sampleLink.json; sourceTree = "<group>"; };
		453338382BC0714E00739815 /* FixturesLoader.swift */ = {isa = PBXFileReference; lastKnownFileType = sourcecode.swift; path = FixturesLoader.swift; sourceTree = "<group>"; };
		4533383C2BC073D000739815 /* JSONDecoder.swift */ = {isa = PBXFileReference; lastKnownFileType = sourcecode.swift; path = JSONDecoder.swift; sourceTree = "<group>"; };
		453338452BC0AB5900739815 /* Stub.swift */ = {isa = PBXFileReference; lastKnownFileType = sourcecode.swift; path = Stub.swift; sourceTree = "<group>"; };
		453338472BC0AB8A00739815 /* Verify.swift */ = {isa = PBXFileReference; lastKnownFileType = sourcecode.swift; path = Verify.swift; sourceTree = "<group>"; };
		453338492BC0ABD900739815 /* Introspection.swift */ = {isa = PBXFileReference; lastKnownFileType = sourcecode.swift; path = Introspection.swift; sourceTree = "<group>"; };
		4533384B2BC0AD7600739815 /* Mock.swift */ = {isa = PBXFileReference; lastKnownFileType = sourcecode.swift; path = Mock.swift; sourceTree = "<group>"; };
		4533384D2BC0ADE600739815 /* Entry.swift */ = {isa = PBXFileReference; lastKnownFileType = sourcecode.swift; path = Entry.swift; sourceTree = "<group>"; };
		453338502BC0AEF800739815 /* MockPostsRepository.swift */ = {isa = PBXFileReference; lastKnownFileType = sourcecode.swift; path = MockPostsRepository.swift; sourceTree = "<group>"; };
		453338522BC4984B00739815 /* README.md */ = {isa = PBXFileReference; lastKnownFileType = net.daringfireball.markdown; path = README.md; sourceTree = "<group>"; };
		453338542BC4A14300739815 /* RedditPageView.swift */ = {isa = PBXFileReference; lastKnownFileType = sourcecode.swift; path = RedditPageView.swift; sourceTree = "<group>"; };
		453338562BC6477400739815 /* TimestampFormatter.swift */ = {isa = PBXFileReference; lastKnownFileType = sourcecode.swift; path = TimestampFormatter.swift; sourceTree = "<group>"; };
		453338582BC6DD7300739815 /* TimestampFormatterTests.swift */ = {isa = PBXFileReference; lastKnownFileType = sourcecode.swift; path = TimestampFormatterTests.swift; sourceTree = "<group>"; };
		454226B22BF643C20047A946 /* MockNetworkFetcher.swift */ = {isa = PBXFileReference; lastKnownFileType = sourcecode.swift; path = MockNetworkFetcher.swift; sourceTree = "<group>"; };
		455C5D802BE3123E008DEA5D /* Matcher.swift */ = {isa = PBXFileReference; lastKnownFileType = sourcecode.swift; path = Matcher.swift; sourceTree = "<group>"; };
		455C5D822BE34C00008DEA5D /* IdentifiableProp.swift */ = {isa = PBXFileReference; lastKnownFileType = sourcecode.swift; path = IdentifiableProp.swift; sourceTree = "<group>"; };
		455C5D842BE35004008DEA5D /* Publisher+Extensions.swift */ = {isa = PBXFileReference; lastKnownFileType = sourcecode.swift; path = "Publisher+Extensions.swift"; sourceTree = "<group>"; };
		455C5D862BE3E3A8008DEA5D /* CachedAsyncImageView.swift */ = {isa = PBXFileReference; lastKnownFileType = sourcecode.swift; path = CachedAsyncImageView.swift; sourceTree = "<group>"; };
		455C5D882BE3E4E1008DEA5D /* Core+Extensions.swift */ = {isa = PBXFileReference; lastKnownFileType = sourcecode.swift; path = "Core+Extensions.swift"; sourceTree = "<group>"; };
		459BBEC92BFE2B710004F746 /* SlidingMenuView.swift */ = {isa = PBXFileReference; lastKnownFileType = sourcecode.swift; path = SlidingMenuView.swift; sourceTree = "<group>"; };
		459BBECC2C04CE790004F746 /* rpics.json */ = {isa = PBXFileReference; lastKnownFileType = text.json; path = rpics.json; sourceTree = "<group>"; };
		459BBECE2C05461E0004F746 /* PreviewAboutiOSSub.json */ = {isa = PBXFileReference; lastKnownFileType = text.json; path = PreviewAboutiOSSub.json; sourceTree = "<group>"; };
		459BBED02C06834C0004F746 /* SubredditRepository.swift */ = {isa = PBXFileReference; lastKnownFileType = sourcecode.swift; path = SubredditRepository.swift; sourceTree = "<group>"; };
		459BBED22C06DD650004F746 /* PostViewModel.swift */ = {isa = PBXFileReference; lastKnownFileType = sourcecode.swift; path = PostViewModel.swift; sourceTree = "<group>"; };
		459BBED42C08E3250004F746 /* MockSubredditRepository.swift */ = {isa = PBXFileReference; lastKnownFileType = sourcecode.swift; path = MockSubredditRepository.swift; sourceTree = "<group>"; };
		459BBED62C0A7BE70004F746 /* PostCommentsRepository.swift */ = {isa = PBXFileReference; lastKnownFileType = sourcecode.swift; path = PostCommentsRepository.swift; sourceTree = "<group>"; };
		459BBED82C0A971F0004F746 /* CommentViewModel.swift */ = {isa = PBXFileReference; lastKnownFileType = sourcecode.swift; path = CommentViewModel.swift; sourceTree = "<group>"; };
		459BBEDA2C0A99980004F746 /* RedditorRepository.swift */ = {isa = PBXFileReference; lastKnownFileType = sourcecode.swift; path = RedditorRepository.swift; sourceTree = "<group>"; };
		459BBEDC2C0CC2000004F746 /* PostDetailsView.swift */ = {isa = PBXFileReference; lastKnownFileType = sourcecode.swift; path = PostDetailsView.swift; sourceTree = "<group>"; };
		459BBEDE2C0E16190004F746 /* MockPostCommentsRepository.swift */ = {isa = PBXFileReference; lastKnownFileType = sourcecode.swift; path = MockPostCommentsRepository.swift; sourceTree = "<group>"; };
		459BBEE02C0F4A470004F746 /* MockRedditorRepository.swift */ = {isa = PBXFileReference; lastKnownFileType = sourcecode.swift; path = MockRedditorRepository.swift; sourceTree = "<group>"; };
		459BBEE22C0F538C0004F746 /* PreviewComments.json */ = {isa = PBXFileReference; lastKnownFileType = text.json; path = PreviewComments.json; sourceTree = "<group>"; };
		45B498222BEA7F99007ADCB4 /* AppEnvironment.swift */ = {isa = PBXFileReference; lastKnownFileType = sourcecode.swift; path = AppEnvironment.swift; sourceTree = "<group>"; };
		45B498242BEA81AD007ADCB4 /* Effects.swift */ = {isa = PBXFileReference; lastKnownFileType = sourcecode.swift; path = Effects.swift; sourceTree = "<group>"; };
		45B498262BEAF35B007ADCB4 /* NavigationModel.swift */ = {isa = PBXFileReference; lastKnownFileType = sourcecode.swift; path = NavigationModel.swift; sourceTree = "<group>"; };
		45B498282BEEFDAB007ADCB4 /* sampleListing2.json */ = {isa = PBXFileReference; lastKnownFileType = text.json; path = sampleListing2.json; sourceTree = "<group>"; };
		45D087522BE9B9A800D21C43 /* unit-tests.xctestplan */ = {isa = PBXFileReference; lastKnownFileType = text; path = "unit-tests.xctestplan"; sourceTree = "<group>"; };
		45DA934C2BDA9BDA00DBB158 /* PreviewRedditPosts.json */ = {isa = PBXFileReference; lastKnownFileType = text.json; path = PreviewRedditPosts.json; sourceTree = "<group>"; };
		45DA93502BDA9ED100DBB158 /* PreviewData.swift */ = {isa = PBXFileReference; lastKnownFileType = sourcecode.swift; path = PreviewData.swift; sourceTree = "<group>"; };
		45DA93552BDACE9D00DBB158 /* TestFixturesLoader.swift */ = {isa = PBXFileReference; lastKnownFileType = sourcecode.swift; path = TestFixturesLoader.swift; sourceTree = "<group>"; };
		45DA93572BDB239100DBB158 /* ImageCache.swift */ = {isa = PBXFileReference; lastKnownFileType = sourcecode.swift; path = ImageCache.swift; sourceTree = "<group>"; };
		45DA935B2BDC147200DBB158 /* Modifiers.swift */ = {isa = PBXFileReference; lastKnownFileType = sourcecode.swift; path = Modifiers.swift; sourceTree = "<group>"; };
		45DA935D2BDC43C100DBB158 /* RedditPostsRepositoryTests.swift */ = {isa = PBXFileReference; lastKnownFileType = sourcecode.swift; path = RedditPostsRepositoryTests.swift; sourceTree = "<group>"; };
		45DA93602BDFE81500DBB158 /* sampleListing.json */ = {isa = PBXFileReference; lastKnownFileType = text.json; path = sampleListing.json; sourceTree = "<group>"; };
/* End PBXFileReference section */

/* Begin PBXFrameworksBuildPhase section */
		453337EA2BB366E000739815 /* Frameworks */ = {
			isa = PBXFrameworksBuildPhase;
			buildActionMask = 2147483647;
			files = (
			);
			runOnlyForDeploymentPostprocessing = 0;
		};
		453337FB2BB366E200739815 /* Frameworks */ = {
			isa = PBXFrameworksBuildPhase;
			buildActionMask = 2147483647;
			files = (
			);
			runOnlyForDeploymentPostprocessing = 0;
		};
		453338052BB366E200739815 /* Frameworks */ = {
			isa = PBXFrameworksBuildPhase;
			buildActionMask = 2147483647;
			files = (
			);
			runOnlyForDeploymentPostprocessing = 0;
		};
/* End PBXFrameworksBuildPhase section */

/* Begin PBXGroup section */
		453337E42BB366E000739815 = {
			isa = PBXGroup;
			children = (
				453338522BC4984B00739815 /* README.md */,
				453337EF2BB366E000739815 /* RedditClient */,
				453338012BB366E200739815 /* RedditClientTests */,
				4533380B2BB366E200739815 /* RedditClientUITests */,
				45D087532BE9BA4300D21C43 /* TestPlans */,
				453337EE2BB366E000739815 /* Products */,
			);
			sourceTree = "<group>";
		};
		453337EE2BB366E000739815 /* Products */ = {
			isa = PBXGroup;
			children = (
				453337ED2BB366E000739815 /* RedditClient.app */,
				453337FE2BB366E200739815 /* RedditClientTests.xctest */,
				453338082BB366E200739815 /* RedditClientUITests.xctest */,
			);
			name = Products;
			sourceTree = "<group>";
		};
		453337EF2BB366E000739815 /* RedditClient */ = {
			isa = PBXGroup;
			children = (
				453338412BC0A95800739815 /* App */,
				4533383F2BC0A93B00739815 /* Models */,
				453338422BC0A96700739815 /* Networking */,
				4533383A2BC0738C00739815 /* PostsFeature */,
				45DA934E2BDA9CED00DBB158 /* PreviewsSupport */,
				4533383B2BC073A300739815 /* Utilities */,
				45DA935A2BDC141B00DBB158 /* Views */,
				453337F42BB366E100739815 /* Assets.xcassets */,
				453337F62BB366E100739815 /* RedditClient.entitlements */,
				453337F72BB366E100739815 /* Preview Content */,
				4533381F2BB38FA600739815 /* RedditNetworking.playground */,
			);
			path = RedditClient;
			sourceTree = "<group>";
		};
		453337F72BB366E100739815 /* Preview Content */ = {
			isa = PBXGroup;
			children = (
				453337F82BB366E100739815 /* Preview Assets.xcassets */,
				45DA934C2BDA9BDA00DBB158 /* PreviewRedditPosts.json */,
				459BBECE2C05461E0004F746 /* PreviewAboutiOSSub.json */,
				459BBEE22C0F538C0004F746 /* PreviewComments.json */,
			);
			path = "Preview Content";
			sourceTree = "<group>";
		};
		453338012BB366E200739815 /* RedditClientTests */ = {
			isa = PBXGroup;
			children = (
				453338342BC0705700739815 /* Fixtures */,
				453338442BC0A9AA00739815 /* PostsFeature */,
				453338432BC0A99E00739815 /* Mocking */,
				4533382F2BBCC76400739815 /* Utilities */,
			);
			path = RedditClientTests;
			sourceTree = "<group>";
		};
		4533380B2BB366E200739815 /* RedditClientUITests */ = {
			isa = PBXGroup;
			children = (
				4533380C2BB366E200739815 /* RedditClientUITests.swift */,
				4533380E2BB366E200739815 /* RedditClientUITestsLaunchTests.swift */,
			);
			path = RedditClientUITests;
			sourceTree = "<group>";
		};
		4533382F2BBCC76400739815 /* Utilities */ = {
			isa = PBXGroup;
			children = (
				453338582BC6DD7300739815 /* TimestampFormatterTests.swift */,
				455C5D842BE35004008DEA5D /* Publisher+Extensions.swift */,
			);
			path = Utilities;
			sourceTree = "<group>";
		};
		453338342BC0705700739815 /* Fixtures */ = {
			isa = PBXGroup;
			children = (
				459BBECB2C04CE490004F746 /* Subreddits */,
				45DA935F2BDFE7FE00DBB158 /* Listings */,
				453338352BC0706000739815 /* Links */,
				45DA93552BDACE9D00DBB158 /* TestFixturesLoader.swift */,
			);
			path = Fixtures;
			sourceTree = "<group>";
		};
		453338352BC0706000739815 /* Links */ = {
			isa = PBXGroup;
			children = (
				453338362BC0708D00739815 /* sampleLink.json */,
			);
			path = Links;
			sourceTree = "<group>";
		};
		4533383A2BC0738C00739815 /* PostsFeature */ = {
			isa = PBXGroup;
			children = (
				453338542BC4A14300739815 /* RedditPageView.swift */,
				453338242BB5313100739815 /* RedditPageViewModel.swift */,
				4533381D2BB36DC300739815 /* RedditPostsRepository.swift */,
				459BBED02C06834C0004F746 /* SubredditRepository.swift */,
				459BBED22C06DD650004F746 /* PostViewModel.swift */,
				459BBED62C0A7BE70004F746 /* PostCommentsRepository.swift */,
				459BBED82C0A971F0004F746 /* CommentViewModel.swift */,
				459BBEDA2C0A99980004F746 /* RedditorRepository.swift */,
				459BBEDC2C0CC2000004F746 /* PostDetailsView.swift */,
			);
			path = PostsFeature;
			sourceTree = "<group>";
		};
		4533383B2BC073A300739815 /* Utilities */ = {
			isa = PBXGroup;
			children = (
				453338222BB52B9100739815 /* CancelBag.swift */,
				4533383C2BC073D000739815 /* JSONDecoder.swift */,
				453338562BC6477400739815 /* TimestampFormatter.swift */,
				45DA93572BDB239100DBB158 /* ImageCache.swift */,
			);
			path = Utilities;
			sourceTree = "<group>";
		};
		4533383F2BC0A93B00739815 /* Models */ = {
			isa = PBXGroup;
			children = (
				453338202BB4B54300739815 /* Core.swift */,
				455C5D882BE3E4E1008DEA5D /* Core+Extensions.swift */,
			);
			path = Models;
			sourceTree = "<group>";
		};
		453338412BC0A95800739815 /* App */ = {
			isa = PBXGroup;
			children = (
				453337F02BB366E000739815 /* RedditClientApp.swift */,
				453337F22BB366E000739815 /* ContentView.swift */,
				45B498222BEA7F99007ADCB4 /* AppEnvironment.swift */,
				45B498262BEAF35B007ADCB4 /* NavigationModel.swift */,
			);
			path = App;
			sourceTree = "<group>";
		};
		453338422BC0A96700739815 /* Networking */ = {
			isa = PBXGroup;
			children = (
				4533381B2BB3678D00739815 /* HttpClient.swift */,
			);
			path = Networking;
			sourceTree = "<group>";
		};
		453338432BC0A99E00739815 /* Mocking */ = {
			isa = PBXGroup;
			children = (
				4533384D2BC0ADE600739815 /* Entry.swift */,
				453338322BBF0CA700739815 /* MockRecorder.swift */,
				4533384B2BC0AD7600739815 /* Mock.swift */,
				453338452BC0AB5900739815 /* Stub.swift */,
				453338472BC0AB8A00739815 /* Verify.swift */,
				455C5D822BE34C00008DEA5D /* IdentifiableProp.swift */,
				453338492BC0ABD900739815 /* Introspection.swift */,
				455C5D802BE3123E008DEA5D /* Matcher.swift */,
			);
			path = Mocking;
			sourceTree = "<group>";
		};
		453338442BC0A9AA00739815 /* PostsFeature */ = {
			isa = PBXGroup;
			children = (
				4533384F2BC0AECD00739815 /* Mocks */,
				453338262BB5A20C00739815 /* PostsViewModelTests.swift */,
				45DA935D2BDC43C100DBB158 /* RedditPostsRepositoryTests.swift */,
			);
			path = PostsFeature;
			sourceTree = "<group>";
		};
		4533384F2BC0AECD00739815 /* Mocks */ = {
			isa = PBXGroup;
			children = (
				453338502BC0AEF800739815 /* MockPostsRepository.swift */,
				454226B22BF643C20047A946 /* MockNetworkFetcher.swift */,
				459BBED42C08E3250004F746 /* MockSubredditRepository.swift */,
				459BBEDE2C0E16190004F746 /* MockPostCommentsRepository.swift */,
				459BBEE02C0F4A470004F746 /* MockRedditorRepository.swift */,
			);
			path = Mocks;
			sourceTree = "<group>";
		};
		459BBECB2C04CE490004F746 /* Subreddits */ = {
			isa = PBXGroup;
			children = (
				459BBECC2C04CE790004F746 /* rpics.json */,
			);
			path = Subreddits;
			sourceTree = "<group>";
		};
		45D087532BE9BA4300D21C43 /* TestPlans */ = {
			isa = PBXGroup;
			children = (
				45D087522BE9B9A800D21C43 /* unit-tests.xctestplan */,
			);
			path = TestPlans;
			sourceTree = "<group>";
		};
		45DA934E2BDA9CED00DBB158 /* PreviewsSupport */ = {
			isa = PBXGroup;
			children = (
				453338382BC0714E00739815 /* FixturesLoader.swift */,
				45DA93502BDA9ED100DBB158 /* PreviewData.swift */,
			);
			path = PreviewsSupport;
			sourceTree = "<group>";
		};
		45DA935A2BDC141B00DBB158 /* Views */ = {
			isa = PBXGroup;
			children = (
				45DA935B2BDC147200DBB158 /* Modifiers.swift */,
				45B498242BEA81AD007ADCB4 /* Effects.swift */,
				455C5D862BE3E3A8008DEA5D /* CachedAsyncImageView.swift */,
				459BBEC92BFE2B710004F746 /* SlidingMenuView.swift */,
			);
			path = Views;
			sourceTree = "<group>";
		};
		45DA935F2BDFE7FE00DBB158 /* Listings */ = {
			isa = PBXGroup;
			children = (
				45DA93602BDFE81500DBB158 /* sampleListing.json */,
				45B498282BEEFDAB007ADCB4 /* sampleListing2.json */,
			);
			path = Listings;
			sourceTree = "<group>";
		};
/* End PBXGroup section */

/* Begin PBXNativeTarget section */
		453337EC2BB366E000739815 /* RedditClient */ = {
			isa = PBXNativeTarget;
			buildConfigurationList = 453338122BB366E200739815 /* Build configuration list for PBXNativeTarget "RedditClient" */;
			buildPhases = (
				453337E92BB366E000739815 /* Sources */,
				453337EA2BB366E000739815 /* Frameworks */,
				453337EB2BB366E000739815 /* Resources */,
			);
			buildRules = (
			);
			dependencies = (
			);
			name = RedditClient;
			packageProductDependencies = (
			);
			productName = RedditClient;
			productReference = 453337ED2BB366E000739815 /* RedditClient.app */;
			productType = "com.apple.product-type.application";
		};
		453337FD2BB366E200739815 /* RedditClientTests */ = {
			isa = PBXNativeTarget;
			buildConfigurationList = 453338152BB366E200739815 /* Build configuration list for PBXNativeTarget "RedditClientTests" */;
			buildPhases = (
				453337FA2BB366E200739815 /* Sources */,
				453337FB2BB366E200739815 /* Frameworks */,
				453337FC2BB366E200739815 /* Resources */,
			);
			buildRules = (
			);
			dependencies = (
				453338002BB366E200739815 /* PBXTargetDependency */,
			);
			name = RedditClientTests;
			productName = RedditClientTests;
			productReference = 453337FE2BB366E200739815 /* RedditClientTests.xctest */;
			productType = "com.apple.product-type.bundle.unit-test";
		};
		453338072BB366E200739815 /* RedditClientUITests */ = {
			isa = PBXNativeTarget;
			buildConfigurationList = 453338182BB366E200739815 /* Build configuration list for PBXNativeTarget "RedditClientUITests" */;
			buildPhases = (
				453338042BB366E200739815 /* Sources */,
				453338052BB366E200739815 /* Frameworks */,
				453338062BB366E200739815 /* Resources */,
			);
			buildRules = (
			);
			dependencies = (
				4533380A2BB366E200739815 /* PBXTargetDependency */,
			);
			name = RedditClientUITests;
			productName = RedditClientUITests;
			productReference = 453338082BB366E200739815 /* RedditClientUITests.xctest */;
			productType = "com.apple.product-type.bundle.ui-testing";
		};
/* End PBXNativeTarget section */

/* Begin PBXProject section */
		453337E52BB366E000739815 /* Project object */ = {
			isa = PBXProject;
			attributes = {
				BuildIndependentTargetsInParallel = 1;
				LastSwiftUpdateCheck = 1530;
				LastUpgradeCheck = 1540;
				TargetAttributes = {
					453337EC2BB366E000739815 = {
						CreatedOnToolsVersion = 15.3;
					};
					453337FD2BB366E200739815 = {
						CreatedOnToolsVersion = 15.3;
						TestTargetID = 453337EC2BB366E000739815;
					};
					453338072BB366E200739815 = {
						CreatedOnToolsVersion = 15.3;
						TestTargetID = 453337EC2BB366E000739815;
					};
				};
			};
			buildConfigurationList = 453337E82BB366E000739815 /* Build configuration list for PBXProject "RedditClient" */;
			compatibilityVersion = "Xcode 14.0";
			developmentRegion = en;
			hasScannedForEncodings = 0;
			knownRegions = (
				en,
				Base,
			);
			mainGroup = 453337E42BB366E000739815;
			packageReferences = (
			);
			productRefGroup = 453337EE2BB366E000739815 /* Products */;
			projectDirPath = "";
			projectRoot = "";
			targets = (
				453337EC2BB366E000739815 /* RedditClient */,
				453337FD2BB366E200739815 /* RedditClientTests */,
				453338072BB366E200739815 /* RedditClientUITests */,
			);
		};
/* End PBXProject section */

/* Begin PBXResourcesBuildPhase section */
		453337EB2BB366E000739815 /* Resources */ = {
			isa = PBXResourcesBuildPhase;
			buildActionMask = 2147483647;
			files = (
				453337F92BB366E100739815 /* Preview Assets.xcassets in Resources */,
				459BBECF2C05461E0004F746 /* PreviewAboutiOSSub.json in Resources */,
				453337F52BB366E100739815 /* Assets.xcassets in Resources */,
				45DA934D2BDA9BDA00DBB158 /* PreviewRedditPosts.json in Resources */,
				459BBEE32C0F538C0004F746 /* PreviewComments.json in Resources */,
			);
			runOnlyForDeploymentPostprocessing = 0;
		};
		453337FC2BB366E200739815 /* Resources */ = {
			isa = PBXResourcesBuildPhase;
			buildActionMask = 2147483647;
			files = (
				453338532BC4984B00739815 /* README.md in Resources */,
				45B498292BEEFDAB007ADCB4 /* sampleListing2.json in Resources */,
				453338372BC0708D00739815 /* sampleLink.json in Resources */,
				45DA93612BDFE81500DBB158 /* sampleListing.json in Resources */,
				459BBECD2C04CE790004F746 /* rpics.json in Resources */,
			);
			runOnlyForDeploymentPostprocessing = 0;
		};
		453338062BB366E200739815 /* Resources */ = {
			isa = PBXResourcesBuildPhase;
			buildActionMask = 2147483647;
			files = (
			);
			runOnlyForDeploymentPostprocessing = 0;
		};
/* End PBXResourcesBuildPhase section */

/* Begin PBXSourcesBuildPhase section */
		453337E92BB366E000739815 /* Sources */ = {
			isa = PBXSourcesBuildPhase;
			buildActionMask = 2147483647;
			files = (
				459BBEDD2C0CC2000004F746 /* PostDetailsView.swift in Sources */,
				453337F32BB366E000739815 /* ContentView.swift in Sources */,
				45DA93582BDB239100DBB158 /* ImageCache.swift in Sources */,
				45DA935C2BDC147200DBB158 /* Modifiers.swift in Sources */,
				459BBED92C0A971F0004F746 /* CommentViewModel.swift in Sources */,
				459BBED72C0A7BE70004F746 /* PostCommentsRepository.swift in Sources */,
				455C5D872BE3E3A8008DEA5D /* CachedAsyncImageView.swift in Sources */,
				459BBED32C06DD650004F746 /* PostViewModel.swift in Sources */,
				455C5D892BE3E4E1008DEA5D /* Core+Extensions.swift in Sources */,
				45DA93512BDA9ED200DBB158 /* PreviewData.swift in Sources */,
				4533381C2BB3678D00739815 /* HttpClient.swift in Sources */,
				459BBEDB2C0A99980004F746 /* RedditorRepository.swift in Sources */,
				453338232BB52B9100739815 /* CancelBag.swift in Sources */,
				453337F12BB366E000739815 /* RedditClientApp.swift in Sources */,
				45B498272BEAF35B007ADCB4 /* NavigationModel.swift in Sources */,
				4533383D2BC073D000739815 /* JSONDecoder.swift in Sources */,
				4533381E2BB36DC300739815 /* RedditPostsRepository.swift in Sources */,
				459BBED12C06834D0004F746 /* SubredditRepository.swift in Sources */,
				453338572BC6477400739815 /* TimestampFormatter.swift in Sources */,
				453338552BC4A14300739815 /* RedditPageView.swift in Sources */,
				453338212BB4B54300739815 /* Core.swift in Sources */,
				453338252BB5313100739815 /* RedditPageViewModel.swift in Sources */,
				45DA934F2BDA9DAF00DBB158 /* FixturesLoader.swift in Sources */,
				45B498252BEA81AD007ADCB4 /* Effects.swift in Sources */,
				459BBECA2BFE2B710004F746 /* SlidingMenuView.swift in Sources */,
				45B498232BEA7F99007ADCB4 /* AppEnvironment.swift in Sources */,
			);
			runOnlyForDeploymentPostprocessing = 0;
		};
		453337FA2BB366E200739815 /* Sources */ = {
			isa = PBXSourcesBuildPhase;
			buildActionMask = 2147483647;
			files = (
				45DA93562BDACE9D00DBB158 /* TestFixturesLoader.swift in Sources */,
				4533384C2BC0AD7600739815 /* Mock.swift in Sources */,
				453338272BB5A20C00739815 /* PostsViewModelTests.swift in Sources */,
				455C5D812BE3123E008DEA5D /* Matcher.swift in Sources */,
				455C5D852BE35004008DEA5D /* Publisher+Extensions.swift in Sources */,
				455C5D832BE34C00008DEA5D /* IdentifiableProp.swift in Sources */,
				459BBEDF2C0E16190004F746 /* MockPostCommentsRepository.swift in Sources */,
				4533384A2BC0ABD900739815 /* Introspection.swift in Sources */,
				453338332BBF0CA700739815 /* MockRecorder.swift in Sources */,
				459BBED52C08E3250004F746 /* MockSubredditRepository.swift in Sources */,
				4533384E2BC0ADE600739815 /* Entry.swift in Sources */,
				45DA935E2BDC43C100DBB158 /* RedditPostsRepositoryTests.swift in Sources */,
				459BBEE12C0F4A470004F746 /* MockRedditorRepository.swift in Sources */,
				453338512BC0AEF800739815 /* MockPostsRepository.swift in Sources */,
				453338592BC6DD7300739815 /* TimestampFormatterTests.swift in Sources */,
				453338482BC0AB8A00739815 /* Verify.swift in Sources */,
				454226B32BF643C20047A946 /* MockNetworkFetcher.swift in Sources */,
				453338462BC0AB5900739815 /* Stub.swift in Sources */,
			);
			runOnlyForDeploymentPostprocessing = 0;
		};
		453338042BB366E200739815 /* Sources */ = {
			isa = PBXSourcesBuildPhase;
			buildActionMask = 2147483647;
			files = (
				4533380D2BB366E200739815 /* RedditClientUITests.swift in Sources */,
				4533380F2BB366E200739815 /* RedditClientUITestsLaunchTests.swift in Sources */,
			);
			runOnlyForDeploymentPostprocessing = 0;
		};
/* End PBXSourcesBuildPhase section */

/* Begin PBXTargetDependency section */
		453338002BB366E200739815 /* PBXTargetDependency */ = {
			isa = PBXTargetDependency;
			target = 453337EC2BB366E000739815 /* RedditClient */;
			targetProxy = 453337FF2BB366E200739815 /* PBXContainerItemProxy */;
		};
		4533380A2BB366E200739815 /* PBXTargetDependency */ = {
			isa = PBXTargetDependency;
			target = 453337EC2BB366E000739815 /* RedditClient */;
			targetProxy = 453338092BB366E200739815 /* PBXContainerItemProxy */;
		};
/* End PBXTargetDependency section */

/* Begin XCBuildConfiguration section */
		453338102BB366E200739815 /* Debug */ = {
			isa = XCBuildConfiguration;
			buildSettings = {
				ALWAYS_SEARCH_USER_PATHS = NO;
				ASSETCATALOG_COMPILER_GENERATE_SWIFT_ASSET_SYMBOL_EXTENSIONS = YES;
				CLANG_ANALYZER_NONNULL = YES;
				CLANG_ANALYZER_NUMBER_OBJECT_CONVERSION = YES_AGGRESSIVE;
				CLANG_CXX_LANGUAGE_STANDARD = "gnu++20";
				CLANG_ENABLE_MODULES = YES;
				CLANG_ENABLE_OBJC_ARC = YES;
				CLANG_ENABLE_OBJC_WEAK = YES;
				CLANG_WARN_BLOCK_CAPTURE_AUTORELEASING = YES;
				CLANG_WARN_BOOL_CONVERSION = YES;
				CLANG_WARN_COMMA = YES;
				CLANG_WARN_CONSTANT_CONVERSION = YES;
				CLANG_WARN_DEPRECATED_OBJC_IMPLEMENTATIONS = YES;
				CLANG_WARN_DIRECT_OBJC_ISA_USAGE = YES_ERROR;
				CLANG_WARN_DOCUMENTATION_COMMENTS = YES;
				CLANG_WARN_EMPTY_BODY = YES;
				CLANG_WARN_ENUM_CONVERSION = YES;
				CLANG_WARN_INFINITE_RECURSION = YES;
				CLANG_WARN_INT_CONVERSION = YES;
				CLANG_WARN_NON_LITERAL_NULL_CONVERSION = YES;
				CLANG_WARN_OBJC_IMPLICIT_RETAIN_SELF = YES;
				CLANG_WARN_OBJC_LITERAL_CONVERSION = YES;
				CLANG_WARN_OBJC_ROOT_CLASS = YES_ERROR;
				CLANG_WARN_QUOTED_INCLUDE_IN_FRAMEWORK_HEADER = YES;
				CLANG_WARN_RANGE_LOOP_ANALYSIS = YES;
				CLANG_WARN_STRICT_PROTOTYPES = YES;
				CLANG_WARN_SUSPICIOUS_MOVE = YES;
				CLANG_WARN_UNGUARDED_AVAILABILITY = YES_AGGRESSIVE;
				CLANG_WARN_UNREACHABLE_CODE = YES;
				CLANG_WARN__DUPLICATE_METHOD_MATCH = YES;
				COPY_PHASE_STRIP = NO;
				DEAD_CODE_STRIPPING = YES;
				DEBUG_INFORMATION_FORMAT = dwarf;
				ENABLE_STRICT_OBJC_MSGSEND = YES;
				ENABLE_TESTABILITY = YES;
				ENABLE_USER_SCRIPT_SANDBOXING = YES;
				GCC_C_LANGUAGE_STANDARD = gnu17;
				GCC_DYNAMIC_NO_PIC = NO;
				GCC_NO_COMMON_BLOCKS = YES;
				GCC_OPTIMIZATION_LEVEL = 0;
				GCC_PREPROCESSOR_DEFINITIONS = (
					"DEBUG=1",
					"$(inherited)",
				);
				GCC_WARN_64_TO_32_BIT_CONVERSION = YES;
				GCC_WARN_ABOUT_RETURN_TYPE = YES_ERROR;
				GCC_WARN_UNDECLARED_SELECTOR = YES;
				GCC_WARN_UNINITIALIZED_AUTOS = YES_AGGRESSIVE;
				GCC_WARN_UNUSED_FUNCTION = YES;
				GCC_WARN_UNUSED_VARIABLE = YES;
				LOCALIZATION_PREFERS_STRING_CATALOGS = YES;
				MTL_ENABLE_DEBUG_INFO = INCLUDE_SOURCE;
				MTL_FAST_MATH = YES;
				ONLY_ACTIVE_ARCH = YES;
				SWIFT_ACTIVE_COMPILATION_CONDITIONS = "DEBUG $(inherited)";
				SWIFT_OPTIMIZATION_LEVEL = "-Onone";
			};
			name = Debug;
		};
		453338112BB366E200739815 /* Release */ = {
			isa = XCBuildConfiguration;
			buildSettings = {
				ALWAYS_SEARCH_USER_PATHS = NO;
				ASSETCATALOG_COMPILER_GENERATE_SWIFT_ASSET_SYMBOL_EXTENSIONS = YES;
				CLANG_ANALYZER_NONNULL = YES;
				CLANG_ANALYZER_NUMBER_OBJECT_CONVERSION = YES_AGGRESSIVE;
				CLANG_CXX_LANGUAGE_STANDARD = "gnu++20";
				CLANG_ENABLE_MODULES = YES;
				CLANG_ENABLE_OBJC_ARC = YES;
				CLANG_ENABLE_OBJC_WEAK = YES;
				CLANG_WARN_BLOCK_CAPTURE_AUTORELEASING = YES;
				CLANG_WARN_BOOL_CONVERSION = YES;
				CLANG_WARN_COMMA = YES;
				CLANG_WARN_CONSTANT_CONVERSION = YES;
				CLANG_WARN_DEPRECATED_OBJC_IMPLEMENTATIONS = YES;
				CLANG_WARN_DIRECT_OBJC_ISA_USAGE = YES_ERROR;
				CLANG_WARN_DOCUMENTATION_COMMENTS = YES;
				CLANG_WARN_EMPTY_BODY = YES;
				CLANG_WARN_ENUM_CONVERSION = YES;
				CLANG_WARN_INFINITE_RECURSION = YES;
				CLANG_WARN_INT_CONVERSION = YES;
				CLANG_WARN_NON_LITERAL_NULL_CONVERSION = YES;
				CLANG_WARN_OBJC_IMPLICIT_RETAIN_SELF = YES;
				CLANG_WARN_OBJC_LITERAL_CONVERSION = YES;
				CLANG_WARN_OBJC_ROOT_CLASS = YES_ERROR;
				CLANG_WARN_QUOTED_INCLUDE_IN_FRAMEWORK_HEADER = YES;
				CLANG_WARN_RANGE_LOOP_ANALYSIS = YES;
				CLANG_WARN_STRICT_PROTOTYPES = YES;
				CLANG_WARN_SUSPICIOUS_MOVE = YES;
				CLANG_WARN_UNGUARDED_AVAILABILITY = YES_AGGRESSIVE;
				CLANG_WARN_UNREACHABLE_CODE = YES;
				CLANG_WARN__DUPLICATE_METHOD_MATCH = YES;
				COPY_PHASE_STRIP = NO;
				DEAD_CODE_STRIPPING = YES;
				DEBUG_INFORMATION_FORMAT = "dwarf-with-dsym";
				ENABLE_NS_ASSERTIONS = NO;
				ENABLE_STRICT_OBJC_MSGSEND = YES;
				ENABLE_USER_SCRIPT_SANDBOXING = YES;
				GCC_C_LANGUAGE_STANDARD = gnu17;
				GCC_NO_COMMON_BLOCKS = YES;
				GCC_WARN_64_TO_32_BIT_CONVERSION = YES;
				GCC_WARN_ABOUT_RETURN_TYPE = YES_ERROR;
				GCC_WARN_UNDECLARED_SELECTOR = YES;
				GCC_WARN_UNINITIALIZED_AUTOS = YES_AGGRESSIVE;
				GCC_WARN_UNUSED_FUNCTION = YES;
				GCC_WARN_UNUSED_VARIABLE = YES;
				LOCALIZATION_PREFERS_STRING_CATALOGS = YES;
				MTL_ENABLE_DEBUG_INFO = NO;
				MTL_FAST_MATH = YES;
				SWIFT_COMPILATION_MODE = wholemodule;
			};
			name = Release;
		};
		453338132BB366E200739815 /* Debug */ = {
			isa = XCBuildConfiguration;
			buildSettings = {
				ASSETCATALOG_COMPILER_APPICON_NAME = AppIcon;
				ASSETCATALOG_COMPILER_GLOBAL_ACCENT_COLOR_NAME = AccentColor;
				CODE_SIGN_ENTITLEMENTS = RedditClient/RedditClient.entitlements;
				CODE_SIGN_STYLE = Automatic;
				CURRENT_PROJECT_VERSION = 1;
				DEAD_CODE_STRIPPING = YES;
				DEVELOPMENT_ASSET_PATHS = "RedditClient/Preview\\ Content/PreviewRedditPosts.json RedditClient/Preview\\ Content";
				DEVELOPMENT_TEAM = 664859EV56;
				ENABLE_HARDENED_RUNTIME = YES;
				ENABLE_PREVIEWS = YES;
				GENERATE_INFOPLIST_FILE = YES;
				"INFOPLIST_KEY_UIApplicationSceneManifest_Generation[sdk=iphoneos*]" = YES;
				"INFOPLIST_KEY_UIApplicationSceneManifest_Generation[sdk=iphonesimulator*]" = YES;
				"INFOPLIST_KEY_UIApplicationSupportsIndirectInputEvents[sdk=iphoneos*]" = YES;
				"INFOPLIST_KEY_UIApplicationSupportsIndirectInputEvents[sdk=iphonesimulator*]" = YES;
				"INFOPLIST_KEY_UILaunchScreen_Generation[sdk=iphoneos*]" = YES;
				"INFOPLIST_KEY_UILaunchScreen_Generation[sdk=iphonesimulator*]" = YES;
				"INFOPLIST_KEY_UIStatusBarStyle[sdk=iphoneos*]" = UIStatusBarStyleDefault;
				"INFOPLIST_KEY_UIStatusBarStyle[sdk=iphonesimulator*]" = UIStatusBarStyleDefault;
				INFOPLIST_KEY_UISupportedInterfaceOrientations_iPad = "UIInterfaceOrientationPortrait UIInterfaceOrientationPortraitUpsideDown UIInterfaceOrientationLandscapeLeft UIInterfaceOrientationLandscapeRight";
				INFOPLIST_KEY_UISupportedInterfaceOrientations_iPhone = "UIInterfaceOrientationPortrait UIInterfaceOrientationLandscapeLeft UIInterfaceOrientationLandscapeRight";
				IPHONEOS_DEPLOYMENT_TARGET = 17.4;
				LD_RUNPATH_SEARCH_PATHS = "@executable_path/Frameworks";
				"LD_RUNPATH_SEARCH_PATHS[sdk=macosx*]" = "@executable_path/../Frameworks";
				MACOSX_DEPLOYMENT_TARGET = 14.4;
				MARKETING_VERSION = 1.0;
				PRODUCT_BUNDLE_IDENTIFIER = com.mgb.RedditClient;
				PRODUCT_NAME = "$(TARGET_NAME)";
				SDKROOT = auto;
				SUPPORTED_PLATFORMS = "iphoneos iphonesimulator macosx";
				SWIFT_EMIT_LOC_STRINGS = YES;
				SWIFT_VERSION = 5.0;
				TARGETED_DEVICE_FAMILY = "1,2";
			};
			name = Debug;
		};
		453338142BB366E200739815 /* Release */ = {
			isa = XCBuildConfiguration;
			buildSettings = {
				ASSETCATALOG_COMPILER_APPICON_NAME = AppIcon;
				ASSETCATALOG_COMPILER_GLOBAL_ACCENT_COLOR_NAME = AccentColor;
				CODE_SIGN_ENTITLEMENTS = RedditClient/RedditClient.entitlements;
				CODE_SIGN_STYLE = Automatic;
				CURRENT_PROJECT_VERSION = 1;
				DEAD_CODE_STRIPPING = YES;
				DEVELOPMENT_ASSET_PATHS = "RedditClient/Preview\\ Content/PreviewRedditPosts.json RedditClient/Preview\\ Content";
				DEVELOPMENT_TEAM = 664859EV56;
				ENABLE_HARDENED_RUNTIME = YES;
				ENABLE_PREVIEWS = YES;
				GENERATE_INFOPLIST_FILE = YES;
				"INFOPLIST_KEY_UIApplicationSceneManifest_Generation[sdk=iphoneos*]" = YES;
				"INFOPLIST_KEY_UIApplicationSceneManifest_Generation[sdk=iphonesimulator*]" = YES;
				"INFOPLIST_KEY_UIApplicationSupportsIndirectInputEvents[sdk=iphoneos*]" = YES;
				"INFOPLIST_KEY_UIApplicationSupportsIndirectInputEvents[sdk=iphonesimulator*]" = YES;
				"INFOPLIST_KEY_UILaunchScreen_Generation[sdk=iphoneos*]" = YES;
				"INFOPLIST_KEY_UILaunchScreen_Generation[sdk=iphonesimulator*]" = YES;
				"INFOPLIST_KEY_UIStatusBarStyle[sdk=iphoneos*]" = UIStatusBarStyleDefault;
				"INFOPLIST_KEY_UIStatusBarStyle[sdk=iphonesimulator*]" = UIStatusBarStyleDefault;
				INFOPLIST_KEY_UISupportedInterfaceOrientations_iPad = "UIInterfaceOrientationPortrait UIInterfaceOrientationPortraitUpsideDown UIInterfaceOrientationLandscapeLeft UIInterfaceOrientationLandscapeRight";
				INFOPLIST_KEY_UISupportedInterfaceOrientations_iPhone = "UIInterfaceOrientationPortrait UIInterfaceOrientationLandscapeLeft UIInterfaceOrientationLandscapeRight";
				IPHONEOS_DEPLOYMENT_TARGET = 17.4;
				LD_RUNPATH_SEARCH_PATHS = "@executable_path/Frameworks";
				"LD_RUNPATH_SEARCH_PATHS[sdk=macosx*]" = "@executable_path/../Frameworks";
				MACOSX_DEPLOYMENT_TARGET = 14.4;
				MARKETING_VERSION = 1.0;
				PRODUCT_BUNDLE_IDENTIFIER = com.mgb.RedditClient;
				PRODUCT_NAME = "$(TARGET_NAME)";
				SDKROOT = auto;
				SUPPORTED_PLATFORMS = "iphoneos iphonesimulator macosx";
				SWIFT_EMIT_LOC_STRINGS = YES;
				SWIFT_VERSION = 5.0;
				TARGETED_DEVICE_FAMILY = "1,2";
			};
			name = Release;
		};
		453338162BB366E200739815 /* Debug */ = {
			isa = XCBuildConfiguration;
			buildSettings = {
				ALWAYS_EMBED_SWIFT_STANDARD_LIBRARIES = YES;
				BUNDLE_LOADER = "$(TEST_HOST)";
				CODE_SIGN_STYLE = Automatic;
				CURRENT_PROJECT_VERSION = 1;
				DEAD_CODE_STRIPPING = YES;
				DEVELOPMENT_TEAM = 664859EV56;
				GENERATE_INFOPLIST_FILE = YES;
				IPHONEOS_DEPLOYMENT_TARGET = 17.4;
				MACOSX_DEPLOYMENT_TARGET = 14.4;
				MARKETING_VERSION = 1.0;
				PRODUCT_BUNDLE_IDENTIFIER = com.mgb.RedditClientTests;
				PRODUCT_NAME = "$(TARGET_NAME)";
				SDKROOT = auto;
				SUPPORTED_PLATFORMS = "iphoneos iphonesimulator macosx";
				SWIFT_EMIT_LOC_STRINGS = NO;
				SWIFT_VERSION = 5.0;
				TARGETED_DEVICE_FAMILY = "1,2";
				TEST_HOST = "$(BUILT_PRODUCTS_DIR)/RedditClient.app/$(BUNDLE_EXECUTABLE_FOLDER_PATH)/RedditClient";
			};
			name = Debug;
		};
		453338172BB366E200739815 /* Release */ = {
			isa = XCBuildConfiguration;
			buildSettings = {
				ALWAYS_EMBED_SWIFT_STANDARD_LIBRARIES = YES;
				BUNDLE_LOADER = "$(TEST_HOST)";
				CODE_SIGN_STYLE = Automatic;
				CURRENT_PROJECT_VERSION = 1;
				DEAD_CODE_STRIPPING = YES;
				DEVELOPMENT_TEAM = 664859EV56;
				GENERATE_INFOPLIST_FILE = YES;
				IPHONEOS_DEPLOYMENT_TARGET = 17.4;
				MACOSX_DEPLOYMENT_TARGET = 14.4;
				MARKETING_VERSION = 1.0;
				PRODUCT_BUNDLE_IDENTIFIER = com.mgb.RedditClientTests;
				PRODUCT_NAME = "$(TARGET_NAME)";
				SDKROOT = auto;
				SUPPORTED_PLATFORMS = "iphoneos iphonesimulator macosx";
				SWIFT_EMIT_LOC_STRINGS = NO;
				SWIFT_VERSION = 5.0;
				TARGETED_DEVICE_FAMILY = "1,2";
				TEST_HOST = "$(BUILT_PRODUCTS_DIR)/RedditClient.app/$(BUNDLE_EXECUTABLE_FOLDER_PATH)/RedditClient";
			};
			name = Release;
		};
		453338192BB366E200739815 /* Debug */ = {
			isa = XCBuildConfiguration;
			buildSettings = {
				ALWAYS_EMBED_SWIFT_STANDARD_LIBRARIES = YES;
				CODE_SIGN_STYLE = Automatic;
				CURRENT_PROJECT_VERSION = 1;
				DEAD_CODE_STRIPPING = YES;
				DEVELOPMENT_TEAM = 664859EV56;
				GENERATE_INFOPLIST_FILE = YES;
				IPHONEOS_DEPLOYMENT_TARGET = 17.4;
				MACOSX_DEPLOYMENT_TARGET = 14.4;
				MARKETING_VERSION = 1.0;
				PRODUCT_BUNDLE_IDENTIFIER = com.mgb.RedditClientUITests;
				PRODUCT_NAME = "$(TARGET_NAME)";
				SDKROOT = auto;
				SUPPORTED_PLATFORMS = "iphoneos iphonesimulator macosx";
				SWIFT_EMIT_LOC_STRINGS = NO;
				SWIFT_VERSION = 5.0;
				TARGETED_DEVICE_FAMILY = "1,2";
				TEST_TARGET_NAME = RedditClient;
			};
			name = Debug;
		};
		4533381A2BB366E200739815 /* Release */ = {
			isa = XCBuildConfiguration;
			buildSettings = {
				ALWAYS_EMBED_SWIFT_STANDARD_LIBRARIES = YES;
				CODE_SIGN_STYLE = Automatic;
				CURRENT_PROJECT_VERSION = 1;
				DEAD_CODE_STRIPPING = YES;
				DEVELOPMENT_TEAM = 664859EV56;
				GENERATE_INFOPLIST_FILE = YES;
				IPHONEOS_DEPLOYMENT_TARGET = 17.4;
				MACOSX_DEPLOYMENT_TARGET = 14.4;
				MARKETING_VERSION = 1.0;
				PRODUCT_BUNDLE_IDENTIFIER = com.mgb.RedditClientUITests;
				PRODUCT_NAME = "$(TARGET_NAME)";
				SDKROOT = auto;
				SUPPORTED_PLATFORMS = "iphoneos iphonesimulator macosx";
				SWIFT_EMIT_LOC_STRINGS = NO;
				SWIFT_VERSION = 5.0;
				TARGETED_DEVICE_FAMILY = "1,2";
				TEST_TARGET_NAME = RedditClient;
			};
			name = Release;
		};
/* End XCBuildConfiguration section */

/* Begin XCConfigurationList section */
		453337E82BB366E000739815 /* Build configuration list for PBXProject "RedditClient" */ = {
			isa = XCConfigurationList;
			buildConfigurations = (
				453338102BB366E200739815 /* Debug */,
				453338112BB366E200739815 /* Release */,
			);
			defaultConfigurationIsVisible = 0;
			defaultConfigurationName = Release;
		};
		453338122BB366E200739815 /* Build configuration list for PBXNativeTarget "RedditClient" */ = {
			isa = XCConfigurationList;
			buildConfigurations = (
				453338132BB366E200739815 /* Debug */,
				453338142BB366E200739815 /* Release */,
			);
			defaultConfigurationIsVisible = 0;
			defaultConfigurationName = Release;
		};
		453338152BB366E200739815 /* Build configuration list for PBXNativeTarget "RedditClientTests" */ = {
			isa = XCConfigurationList;
			buildConfigurations = (
				453338162BB366E200739815 /* Debug */,
				453338172BB366E200739815 /* Release */,
			);
			defaultConfigurationIsVisible = 0;
			defaultConfigurationName = Release;
		};
		453338182BB366E200739815 /* Build configuration list for PBXNativeTarget "RedditClientUITests" */ = {
			isa = XCConfigurationList;
			buildConfigurations = (
				453338192BB366E200739815 /* Debug */,
				4533381A2BB366E200739815 /* Release */,
			);
			defaultConfigurationIsVisible = 0;
			defaultConfigurationName = Release;
		};
/* End XCConfigurationList section */
	};
	rootObject = 453337E52BB366E000739815 /* Project object */;
}
